
Microsoft Visual Studio Solution File, Format Version 12.00
Project("{FAE04EC0-301F-11D3-BF4B-00C04F79EFBC}") = "MetricsManager", "MetricsManager\MetricsManager.csproj", "{A7150EF6-B04F-434E-93A1-AD86DA1ADD48}"
EndProject
Project("{FAE04EC0-301F-11D3-BF4B-00C04F79EFBC}") = "MetricsManagerTests", "MetricsManagerTests\MetricsManagerTests.csproj", "{970B0A70-4D11-4CDD-82F5-072279C6AAA2}"
EndProject
Global
	GlobalSection(SolutionConfigurationPlatforms) = preSolution
		Debug|Any CPU = Debug|Any CPU
		Release|Any CPU = Release|Any CPU
	EndGlobalSection
	GlobalSection(ProjectConfigurationPlatforms) = postSolution
		{A7150EF6-B04F-434E-93A1-AD86DA1ADD48}.Debug|Any CPU.ActiveCfg = Debug|Any CPU
		{A7150EF6-B04F-434E-93A1-AD86DA1ADD48}.Debug|Any CPU.Build.0 = Debug|Any CPU
		{A7150EF6-B04F-434E-93A1-AD86DA1ADD48}.Release|Any CPU.ActiveCfg = Release|Any CPU
		{A7150EF6-B04F-434E-93A1-AD86DA1ADD48}.Release|Any CPU.Build.0 = Release|Any CPU
		{970B0A70-4D11-4CDD-82F5-072279C6AAA2}.Debug|Any CPU.ActiveCfg = Debug|Any CPU
		{970B0A70-4D11-4CDD-82F5-072279C6AAA2}.Debug|Any CPU.Build.0 = Debug|Any CPU
		{970B0A70-4D11-4CDD-82F5-072279C6AAA2}.Release|Any CPU.ActiveCfg = Release|Any CPU
		{970B0A70-4D11-4CDD-82F5-072279C6AAA2}.Release|Any CPU.Build.0 = Release|Any CPU
	EndGlobalSection
EndGlobal
